
Microsoft Visual Studio Solution File, Format Version 12.00
# Visual Studio Version 16
VisualStudioVersion = 16.0.31112.23
MinimumVisualStudioVersion = 10.0.40219.1
Project("{D954291E-2A0B-460D-934E-DC6B0785DB48}") = "EventCountdowns.Shared", "src\EventCountdowns.Shared\EventCountdowns.Shared.shproj", "{6279C845-92F8-4333-AB99-3D213163593C}"
EndProject
Project("{2150E333-8FDC-42A3-9474-1A3956D46DE8}") = "Platforms", "Platforms", "{CAB24E56-FC78-40B5-8752-927CA86FBD33}"
EndProject
Project("{FAE04EC0-301F-11D3-BF4B-00C04F79EFBC}") = "EventCountdowns.Droid", "src\EventCountdowns.Droid\EventCountdowns.Droid.csproj", "{52D3D040-84EA-4EA9-A995-2540DBC2B839}"
EndProject
Project("{FAE04EC0-301F-11D3-BF4B-00C04F79EFBC}") = "EventCountdowns.iOS", "src\EventCountdowns.iOS\EventCountdowns.iOS.csproj", "{207C7A52-92F7-45FF-980E-A573281748DA}"
EndProject
Project("{FAE04EC0-301F-11D3-BF4B-00C04F79EFBC}") = "EventCountdowns.UWP", "src\EventCountdowns.UWP\EventCountdowns.UWP.csproj", "{9FF2E01F-75AB-4022-92C2-2ABD17474DE6}"
EndProject
Project("{9A19103F-16F7-4668-BE54-9A1E7A4F7556}") = "EventCountdowns.Wasm", "src\EventCountdowns.Wasm\EventCountdowns.Wasm.csproj", "{4202255B-150A-466B-BF37-AF1421CD1FD6}"
EndProject
Project("{FAE04EC0-301F-11D3-BF4B-00C04F79EFBC}") = "EventCountdowns.macOS", "src\EventCountdowns.macOS\EventCountdowns.macOS.csproj", "{CF6CA5FF-78BE-47EC-9E06-2B78BAE134E2}"
EndProject
Project("{9A19103F-16F7-4668-BE54-9A1E7A4F7556}") = "EventCountdowns.Skia.Wpf.Host", "src\EventCountdowns.Skia.Wpf.Host\EventCountdowns.Skia.Wpf.Host.csproj", "{5F847F46-4BFA-4D33-A93C-E689486F3AD2}"
EndProject
Project("{9A19103F-16F7-4668-BE54-9A1E7A4F7556}") = "EventCountdowns.Skia.Wpf", "src\EventCountdowns.Skia.Wpf\EventCountdowns.Skia.Wpf.csproj", "{78FDB2B8-6230-44B4-A651-86D1851E4401}"
EndProject
Project("{9A19103F-16F7-4668-BE54-9A1E7A4F7556}") = "EventCountdowns.Skia.Gtk", "src\EventCountdowns.Skia.Gtk\EventCountdowns.Skia.Gtk.csproj", "{1F8A7DF8-867E-4569-9749-37327611D9DC}"
EndProject
Project("{9A19103F-16F7-4668-BE54-9A1E7A4F7556}") = "EventCountdowns.Skia.Tizen", "src\EventCountdowns.Skia.Tizen\EventCountdowns.Skia.Tizen.csproj", "{F8F863BF-FB5B-493C-9DAE-B58475F7A1A4}"
EndProject
Project("{9A19103F-16F7-4668-BE54-9A1E7A4F7556}") = "EventCountdowns.Core", "src\EventCountdowns.Core\EventCountdowns.Core.csproj", "{994A102A-07AB-44F5-96F2-5234547BDE63}"
EndProject
Global
	GlobalSection(SharedMSBuildProjectFiles) = preSolution
		src\EventCountdowns.Shared\EventCountdowns.Shared.projitems*{1f8a7df8-867e-4569-9749-37327611d9dc}*SharedItemsImports = 5
		src\EventCountdowns.Shared\EventCountdowns.Shared.projitems*{207c7a52-92f7-45ff-980e-a573281748da}*SharedItemsImports = 4
		src\EventCountdowns.Shared\EventCountdowns.Shared.projitems*{4202255b-150a-466b-bf37-af1421cd1fd6}*SharedItemsImports = 5
		src\EventCountdowns.Shared\EventCountdowns.Shared.projitems*{52d3d040-84ea-4ea9-a995-2540dbc2b839}*SharedItemsImports = 4
		src\EventCountdowns.Shared\EventCountdowns.Shared.projitems*{6279c845-92f8-4333-ab99-3d213163593c}*SharedItemsImports = 13
		src\EventCountdowns.Shared\EventCountdowns.Shared.projitems*{78fdb2b8-6230-44b4-a651-86d1851e4401}*SharedItemsImports = 5
		src\EventCountdowns.Shared\EventCountdowns.Shared.projitems*{9ff2e01f-75ab-4022-92c2-2abd17474de6}*SharedItemsImports = 4
		src\EventCountdowns.Shared\EventCountdowns.Shared.projitems*{cf6ca5ff-78be-47ec-9e06-2b78bae134e2}*SharedItemsImports = 4
		src\EventCountdowns.Shared\EventCountdowns.Shared.projitems*{f8f863bf-fb5b-493c-9dae-b58475f7a1a4}*SharedItemsImports = 5
	EndGlobalSection
	GlobalSection(SolutionConfigurationPlatforms) = preSolution
		Ad-Hoc|Any CPU = Ad-Hoc|Any CPU
		Ad-Hoc|ARM = Ad-Hoc|ARM
		Ad-Hoc|ARM64 = Ad-Hoc|ARM64
		Ad-Hoc|iPhone = Ad-Hoc|iPhone
		Ad-Hoc|iPhoneSimulator = Ad-Hoc|iPhoneSimulator
		Ad-Hoc|x64 = Ad-Hoc|x64
		Ad-Hoc|x86 = Ad-Hoc|x86
		AppStore|Any CPU = AppStore|Any CPU
		AppStore|ARM = AppStore|ARM
		AppStore|ARM64 = AppStore|ARM64
		AppStore|iPhone = AppStore|iPhone
		AppStore|iPhoneSimulator = AppStore|iPhoneSimulator
		AppStore|x64 = AppStore|x64
		AppStore|x86 = AppStore|x86
		Debug|Any CPU = Debug|Any CPU
		Debug|ARM = Debug|ARM
		Debug|ARM64 = Debug|ARM64
		Debug|iPhone = Debug|iPhone
		Debug|iPhoneSimulator = Debug|iPhoneSimulator
		Debug|x64 = Debug|x64
		Debug|x86 = Debug|x86
		Release|Any CPU = Release|Any CPU
		Release|ARM = Release|ARM
		Release|ARM64 = Release|ARM64
		Release|iPhone = Release|iPhone
		Release|iPhoneSimulator = Release|iPhoneSimulator
		Release|x64 = Release|x64
		Release|x86 = Release|x86
	EndGlobalSection
	GlobalSection(ProjectConfigurationPlatforms) = postSolution
		{52D3D040-84EA-4EA9-A995-2540DBC2B839}.Ad-Hoc|Any CPU.ActiveCfg = Debug|Any CPU
		{52D3D040-84EA-4EA9-A995-2540DBC2B839}.Ad-Hoc|Any CPU.Build.0 = Debug|Any CPU
		{52D3D040-84EA-4EA9-A995-2540DBC2B839}.Ad-Hoc|Any CPU.Deploy.0 = Debug|Any CPU
		{52D3D040-84EA-4EA9-A995-2540DBC2B839}.Ad-Hoc|ARM.ActiveCfg = Debug|Any CPU
		{52D3D040-84EA-4EA9-A995-2540DBC2B839}.Ad-Hoc|ARM.Build.0 = Debug|Any CPU
		{52D3D040-84EA-4EA9-A995-2540DBC2B839}.Ad-Hoc|ARM.Deploy.0 = Debug|Any CPU
		{52D3D040-84EA-4EA9-A995-2540DBC2B839}.Ad-Hoc|ARM64.ActiveCfg = Debug|Any CPU
		{52D3D040-84EA-4EA9-A995-2540DBC2B839}.Ad-Hoc|ARM64.Build.0 = Debug|Any CPU
		{52D3D040-84EA-4EA9-A995-2540DBC2B839}.Ad-Hoc|ARM64.Deploy.0 = Debug|Any CPU
		{52D3D040-84EA-4EA9-A995-2540DBC2B839}.Ad-Hoc|iPhone.ActiveCfg = Debug|Any CPU
		{52D3D040-84EA-4EA9-A995-2540DBC2B839}.Ad-Hoc|iPhone.Build.0 = Debug|Any CPU
		{52D3D040-84EA-4EA9-A995-2540DBC2B839}.Ad-Hoc|iPhone.Deploy.0 = Debug|Any CPU
		{52D3D040-84EA-4EA9-A995-2540DBC2B839}.Ad-Hoc|iPhoneSimulator.ActiveCfg = Debug|Any CPU
		{52D3D040-84EA-4EA9-A995-2540DBC2B839}.Ad-Hoc|iPhoneSimulator.Build.0 = Debug|Any CPU
		{52D3D040-84EA-4EA9-A995-2540DBC2B839}.Ad-Hoc|iPhoneSimulator.Deploy.0 = Debug|Any CPU
		{52D3D040-84EA-4EA9-A995-2540DBC2B839}.Ad-Hoc|x64.ActiveCfg = Debug|Any CPU
		{52D3D040-84EA-4EA9-A995-2540DBC2B839}.Ad-Hoc|x64.Build.0 = Debug|Any CPU
		{52D3D040-84EA-4EA9-A995-2540DBC2B839}.Ad-Hoc|x64.Deploy.0 = Debug|Any CPU
		{52D3D040-84EA-4EA9-A995-2540DBC2B839}.Ad-Hoc|x86.ActiveCfg = Debug|Any CPU
		{52D3D040-84EA-4EA9-A995-2540DBC2B839}.Ad-Hoc|x86.Build.0 = Debug|Any CPU
		{52D3D040-84EA-4EA9-A995-2540DBC2B839}.Ad-Hoc|x86.Deploy.0 = Debug|Any CPU
		{52D3D040-84EA-4EA9-A995-2540DBC2B839}.AppStore|Any CPU.ActiveCfg = Debug|Any CPU
		{52D3D040-84EA-4EA9-A995-2540DBC2B839}.AppStore|Any CPU.Build.0 = Debug|Any CPU
		{52D3D040-84EA-4EA9-A995-2540DBC2B839}.AppStore|Any CPU.Deploy.0 = Debug|Any CPU
		{52D3D040-84EA-4EA9-A995-2540DBC2B839}.AppStore|ARM.ActiveCfg = Debug|Any CPU
		{52D3D040-84EA-4EA9-A995-2540DBC2B839}.AppStore|ARM.Build.0 = Debug|Any CPU
		{52D3D040-84EA-4EA9-A995-2540DBC2B839}.AppStore|ARM.Deploy.0 = Debug|Any CPU
		{52D3D040-84EA-4EA9-A995-2540DBC2B839}.AppStore|ARM64.ActiveCfg = Debug|Any CPU
		{52D3D040-84EA-4EA9-A995-2540DBC2B839}.AppStore|ARM64.Build.0 = Debug|Any CPU
		{52D3D040-84EA-4EA9-A995-2540DBC2B839}.AppStore|ARM64.Deploy.0 = Debug|Any CPU
		{52D3D040-84EA-4EA9-A995-2540DBC2B839}.AppStore|iPhone.ActiveCfg = Debug|Any CPU
		{52D3D040-84EA-4EA9-A995-2540DBC2B839}.AppStore|iPhone.Build.0 = Debug|Any CPU
		{52D3D040-84EA-4EA9-A995-2540DBC2B839}.AppStore|iPhone.Deploy.0 = Debug|Any CPU
		{52D3D040-84EA-4EA9-A995-2540DBC2B839}.AppStore|iPhoneSimulator.ActiveCfg = Debug|Any CPU
		{52D3D040-84EA-4EA9-A995-2540DBC2B839}.AppStore|iPhoneSimulator.Build.0 = Debug|Any CPU
		{52D3D040-84EA-4EA9-A995-2540DBC2B839}.AppStore|iPhoneSimulator.Deploy.0 = Debug|Any CPU
		{52D3D040-84EA-4EA9-A995-2540DBC2B839}.AppStore|x64.ActiveCfg = Debug|Any CPU
		{52D3D040-84EA-4EA9-A995-2540DBC2B839}.AppStore|x64.Build.0 = Debug|Any CPU
		{52D3D040-84EA-4EA9-A995-2540DBC2B839}.AppStore|x64.Deploy.0 = Debug|Any CPU
		{52D3D040-84EA-4EA9-A995-2540DBC2B839}.AppStore|x86.ActiveCfg = Debug|Any CPU
		{52D3D040-84EA-4EA9-A995-2540DBC2B839}.AppStore|x86.Build.0 = Debug|Any CPU
		{52D3D040-84EA-4EA9-A995-2540DBC2B839}.AppStore|x86.Deploy.0 = Debug|Any CPU
		{52D3D040-84EA-4EA9-A995-2540DBC2B839}.Debug|Any CPU.ActiveCfg = Debug|Any CPU
		{52D3D040-84EA-4EA9-A995-2540DBC2B839}.Debug|Any CPU.Build.0 = Debug|Any CPU
		{52D3D040-84EA-4EA9-A995-2540DBC2B839}.Debug|Any CPU.Deploy.0 = Debug|Any CPU
		{52D3D040-84EA-4EA9-A995-2540DBC2B839}.Debug|ARM.ActiveCfg = Debug|Any CPU
		{52D3D040-84EA-4EA9-A995-2540DBC2B839}.Debug|ARM.Build.0 = Debug|Any CPU
		{52D3D040-84EA-4EA9-A995-2540DBC2B839}.Debug|ARM.Deploy.0 = Debug|Any CPU
		{52D3D040-84EA-4EA9-A995-2540DBC2B839}.Debug|ARM64.ActiveCfg = Debug|Any CPU
		{52D3D040-84EA-4EA9-A995-2540DBC2B839}.Debug|ARM64.Build.0 = Debug|Any CPU
		{52D3D040-84EA-4EA9-A995-2540DBC2B839}.Debug|ARM64.Deploy.0 = Debug|Any CPU
		{52D3D040-84EA-4EA9-A995-2540DBC2B839}.Debug|iPhone.ActiveCfg = Debug|Any CPU
		{52D3D040-84EA-4EA9-A995-2540DBC2B839}.Debug|iPhone.Build.0 = Debug|Any CPU
		{52D3D040-84EA-4EA9-A995-2540DBC2B839}.Debug|iPhone.Deploy.0 = Debug|Any CPU
		{52D3D040-84EA-4EA9-A995-2540DBC2B839}.Debug|iPhoneSimulator.ActiveCfg = Debug|Any CPU
		{52D3D040-84EA-4EA9-A995-2540DBC2B839}.Debug|iPhoneSimulator.Build.0 = Debug|Any CPU
		{52D3D040-84EA-4EA9-A995-2540DBC2B839}.Debug|iPhoneSimulator.Deploy.0 = Debug|Any CPU
		{52D3D040-84EA-4EA9-A995-2540DBC2B839}.Debug|x64.ActiveCfg = Debug|Any CPU
		{52D3D040-84EA-4EA9-A995-2540DBC2B839}.Debug|x64.Build.0 = Debug|Any CPU
		{52D3D040-84EA-4EA9-A995-2540DBC2B839}.Debug|x64.Deploy.0 = Debug|Any CPU
		{52D3D040-84EA-4EA9-A995-2540DBC2B839}.Debug|x86.ActiveCfg = Debug|Any CPU
		{52D3D040-84EA-4EA9-A995-2540DBC2B839}.Debug|x86.Build.0 = Debug|Any CPU
		{52D3D040-84EA-4EA9-A995-2540DBC2B839}.Debug|x86.Deploy.0 = Debug|Any CPU
		{52D3D040-84EA-4EA9-A995-2540DBC2B839}.Release|Any CPU.ActiveCfg = Release|Any CPU
		{52D3D040-84EA-4EA9-A995-2540DBC2B839}.Release|Any CPU.Build.0 = Release|Any CPU
		{52D3D040-84EA-4EA9-A995-2540DBC2B839}.Release|Any CPU.Deploy.0 = Release|Any CPU
		{52D3D040-84EA-4EA9-A995-2540DBC2B839}.Release|ARM.ActiveCfg = Release|Any CPU
		{52D3D040-84EA-4EA9-A995-2540DBC2B839}.Release|ARM.Build.0 = Release|Any CPU
		{52D3D040-84EA-4EA9-A995-2540DBC2B839}.Release|ARM.Deploy.0 = Release|Any CPU
		{52D3D040-84EA-4EA9-A995-2540DBC2B839}.Release|ARM64.ActiveCfg = Release|Any CPU
		{52D3D040-84EA-4EA9-A995-2540DBC2B839}.Release|ARM64.Build.0 = Release|Any CPU
		{52D3D040-84EA-4EA9-A995-2540DBC2B839}.Release|ARM64.Deploy.0 = Release|Any CPU
		{52D3D040-84EA-4EA9-A995-2540DBC2B839}.Release|iPhone.ActiveCfg = Release|Any CPU
		{52D3D040-84EA-4EA9-A995-2540DBC2B839}.Release|iPhone.Build.0 = Release|Any CPU
		{52D3D040-84EA-4EA9-A995-2540DBC2B839}.Release|iPhone.Deploy.0 = Release|Any CPU
		{52D3D040-84EA-4EA9-A995-2540DBC2B839}.Release|iPhoneSimulator.ActiveCfg = Release|Any CPU
		{52D3D040-84EA-4EA9-A995-2540DBC2B839}.Release|iPhoneSimulator.Build.0 = Release|Any CPU
		{52D3D040-84EA-4EA9-A995-2540DBC2B839}.Release|iPhoneSimulator.Deploy.0 = Release|Any CPU
		{52D3D040-84EA-4EA9-A995-2540DBC2B839}.Release|x64.ActiveCfg = Release|Any CPU
		{52D3D040-84EA-4EA9-A995-2540DBC2B839}.Release|x64.Build.0 = Release|Any CPU
		{52D3D040-84EA-4EA9-A995-2540DBC2B839}.Release|x64.Deploy.0 = Release|Any CPU
		{52D3D040-84EA-4EA9-A995-2540DBC2B839}.Release|x86.ActiveCfg = Release|Any CPU
		{52D3D040-84EA-4EA9-A995-2540DBC2B839}.Release|x86.Build.0 = Release|Any CPU
		{52D3D040-84EA-4EA9-A995-2540DBC2B839}.Release|x86.Deploy.0 = Release|Any CPU
		{207C7A52-92F7-45FF-980E-A573281748DA}.Ad-Hoc|Any CPU.ActiveCfg = Ad-Hoc|iPhoneSimulator
		{207C7A52-92F7-45FF-980E-A573281748DA}.Ad-Hoc|ARM.ActiveCfg = Ad-Hoc|iPhoneSimulator
		{207C7A52-92F7-45FF-980E-A573281748DA}.Ad-Hoc|ARM64.ActiveCfg = Ad-Hoc|iPhoneSimulator
		{207C7A52-92F7-45FF-980E-A573281748DA}.Ad-Hoc|iPhone.ActiveCfg = Ad-Hoc|iPhone
		{207C7A52-92F7-45FF-980E-A573281748DA}.Ad-Hoc|iPhone.Build.0 = Ad-Hoc|iPhone
		{207C7A52-92F7-45FF-980E-A573281748DA}.Ad-Hoc|iPhoneSimulator.ActiveCfg = Ad-Hoc|iPhoneSimulator
		{207C7A52-92F7-45FF-980E-A573281748DA}.Ad-Hoc|iPhoneSimulator.Build.0 = Ad-Hoc|iPhoneSimulator
		{207C7A52-92F7-45FF-980E-A573281748DA}.Ad-Hoc|x64.ActiveCfg = Ad-Hoc|iPhoneSimulator
		{207C7A52-92F7-45FF-980E-A573281748DA}.Ad-Hoc|x86.ActiveCfg = Ad-Hoc|iPhoneSimulator
		{207C7A52-92F7-45FF-980E-A573281748DA}.AppStore|Any CPU.ActiveCfg = AppStore|iPhoneSimulator
		{207C7A52-92F7-45FF-980E-A573281748DA}.AppStore|ARM.ActiveCfg = AppStore|iPhoneSimulator
		{207C7A52-92F7-45FF-980E-A573281748DA}.AppStore|ARM64.ActiveCfg = AppStore|iPhoneSimulator
		{207C7A52-92F7-45FF-980E-A573281748DA}.AppStore|iPhone.ActiveCfg = AppStore|iPhone
		{207C7A52-92F7-45FF-980E-A573281748DA}.AppStore|iPhone.Build.0 = AppStore|iPhone
		{207C7A52-92F7-45FF-980E-A573281748DA}.AppStore|iPhoneSimulator.ActiveCfg = AppStore|iPhoneSimulator
		{207C7A52-92F7-45FF-980E-A573281748DA}.AppStore|iPhoneSimulator.Build.0 = AppStore|iPhoneSimulator
		{207C7A52-92F7-45FF-980E-A573281748DA}.AppStore|x64.ActiveCfg = AppStore|iPhoneSimulator
		{207C7A52-92F7-45FF-980E-A573281748DA}.AppStore|x86.ActiveCfg = AppStore|iPhoneSimulator
		{207C7A52-92F7-45FF-980E-A573281748DA}.Debug|Any CPU.ActiveCfg = Debug|iPhoneSimulator
		{207C7A52-92F7-45FF-980E-A573281748DA}.Debug|ARM.ActiveCfg = Debug|iPhoneSimulator
		{207C7A52-92F7-45FF-980E-A573281748DA}.Debug|ARM64.ActiveCfg = Debug|iPhoneSimulator
		{207C7A52-92F7-45FF-980E-A573281748DA}.Debug|iPhone.ActiveCfg = Debug|iPhone
		{207C7A52-92F7-45FF-980E-A573281748DA}.Debug|iPhone.Build.0 = Debug|iPhone
		{207C7A52-92F7-45FF-980E-A573281748DA}.Debug|iPhoneSimulator.ActiveCfg = Debug|iPhoneSimulator
		{207C7A52-92F7-45FF-980E-A573281748DA}.Debug|iPhoneSimulator.Build.0 = Debug|iPhoneSimulator
		{207C7A52-92F7-45FF-980E-A573281748DA}.Debug|x64.ActiveCfg = Debug|iPhoneSimulator
		{207C7A52-92F7-45FF-980E-A573281748DA}.Debug|x86.ActiveCfg = Debug|iPhoneSimulator
		{207C7A52-92F7-45FF-980E-A573281748DA}.Release|Any CPU.ActiveCfg = Release|iPhoneSimulator
		{207C7A52-92F7-45FF-980E-A573281748DA}.Release|ARM.ActiveCfg = Release|iPhoneSimulator
		{207C7A52-92F7-45FF-980E-A573281748DA}.Release|ARM64.ActiveCfg = Release|iPhoneSimulator
		{207C7A52-92F7-45FF-980E-A573281748DA}.Release|iPhone.ActiveCfg = Release|iPhone
		{207C7A52-92F7-45FF-980E-A573281748DA}.Release|iPhone.Build.0 = Release|iPhone
		{207C7A52-92F7-45FF-980E-A573281748DA}.Release|iPhoneSimulator.ActiveCfg = Release|iPhoneSimulator
		{207C7A52-92F7-45FF-980E-A573281748DA}.Release|iPhoneSimulator.Build.0 = Release|iPhoneSimulator
		{207C7A52-92F7-45FF-980E-A573281748DA}.Release|x64.ActiveCfg = Release|iPhoneSimulator
		{207C7A52-92F7-45FF-980E-A573281748DA}.Release|x86.ActiveCfg = Release|iPhoneSimulator
		{9FF2E01F-75AB-4022-92C2-2ABD17474DE6}.Ad-Hoc|Any CPU.ActiveCfg = Debug|x86
		{9FF2E01F-75AB-4022-92C2-2ABD17474DE6}.Ad-Hoc|Any CPU.Build.0 = Debug|x86
		{9FF2E01F-75AB-4022-92C2-2ABD17474DE6}.Ad-Hoc|Any CPU.Deploy.0 = Debug|x86
		{9FF2E01F-75AB-4022-92C2-2ABD17474DE6}.Ad-Hoc|ARM.ActiveCfg = Debug|ARM
		{9FF2E01F-75AB-4022-92C2-2ABD17474DE6}.Ad-Hoc|ARM.Build.0 = Debug|ARM
		{9FF2E01F-75AB-4022-92C2-2ABD17474DE6}.Ad-Hoc|ARM.Deploy.0 = Debug|ARM
		{9FF2E01F-75AB-4022-92C2-2ABD17474DE6}.Ad-Hoc|ARM64.ActiveCfg = Debug|ARM64
		{9FF2E01F-75AB-4022-92C2-2ABD17474DE6}.Ad-Hoc|ARM64.Build.0 = Debug|ARM64
		{9FF2E01F-75AB-4022-92C2-2ABD17474DE6}.Ad-Hoc|ARM64.Deploy.0 = Debug|ARM64
		{9FF2E01F-75AB-4022-92C2-2ABD17474DE6}.Ad-Hoc|iPhone.ActiveCfg = Debug|x86
		{9FF2E01F-75AB-4022-92C2-2ABD17474DE6}.Ad-Hoc|iPhone.Build.0 = Debug|x86
		{9FF2E01F-75AB-4022-92C2-2ABD17474DE6}.Ad-Hoc|iPhone.Deploy.0 = Debug|x86
		{9FF2E01F-75AB-4022-92C2-2ABD17474DE6}.Ad-Hoc|iPhoneSimulator.ActiveCfg = Debug|x86
		{9FF2E01F-75AB-4022-92C2-2ABD17474DE6}.Ad-Hoc|iPhoneSimulator.Build.0 = Debug|x86
		{9FF2E01F-75AB-4022-92C2-2ABD17474DE6}.Ad-Hoc|iPhoneSimulator.Deploy.0 = Debug|x86
		{9FF2E01F-75AB-4022-92C2-2ABD17474DE6}.Ad-Hoc|x64.ActiveCfg = Debug|x64
		{9FF2E01F-75AB-4022-92C2-2ABD17474DE6}.Ad-Hoc|x64.Build.0 = Debug|x64
		{9FF2E01F-75AB-4022-92C2-2ABD17474DE6}.Ad-Hoc|x64.Deploy.0 = Debug|x64
		{9FF2E01F-75AB-4022-92C2-2ABD17474DE6}.Ad-Hoc|x86.ActiveCfg = Debug|x86
		{9FF2E01F-75AB-4022-92C2-2ABD17474DE6}.Ad-Hoc|x86.Build.0 = Debug|x86
		{9FF2E01F-75AB-4022-92C2-2ABD17474DE6}.Ad-Hoc|x86.Deploy.0 = Debug|x86
		{9FF2E01F-75AB-4022-92C2-2ABD17474DE6}.AppStore|Any CPU.ActiveCfg = Debug|x86
		{9FF2E01F-75AB-4022-92C2-2ABD17474DE6}.AppStore|Any CPU.Build.0 = Debug|x86
		{9FF2E01F-75AB-4022-92C2-2ABD17474DE6}.AppStore|Any CPU.Deploy.0 = Debug|x86
		{9FF2E01F-75AB-4022-92C2-2ABD17474DE6}.AppStore|ARM.ActiveCfg = Debug|ARM
		{9FF2E01F-75AB-4022-92C2-2ABD17474DE6}.AppStore|ARM.Build.0 = Debug|ARM
		{9FF2E01F-75AB-4022-92C2-2ABD17474DE6}.AppStore|ARM.Deploy.0 = Debug|ARM
		{9FF2E01F-75AB-4022-92C2-2ABD17474DE6}.AppStore|ARM64.ActiveCfg = Debug|ARM64
		{9FF2E01F-75AB-4022-92C2-2ABD17474DE6}.AppStore|ARM64.Build.0 = Debug|ARM64
		{9FF2E01F-75AB-4022-92C2-2ABD17474DE6}.AppStore|ARM64.Deploy.0 = Debug|ARM64
		{9FF2E01F-75AB-4022-92C2-2ABD17474DE6}.AppStore|iPhone.ActiveCfg = Debug|x86
		{9FF2E01F-75AB-4022-92C2-2ABD17474DE6}.AppStore|iPhone.Build.0 = Debug|x86
		{9FF2E01F-75AB-4022-92C2-2ABD17474DE6}.AppStore|iPhone.Deploy.0 = Debug|x86
		{9FF2E01F-75AB-4022-92C2-2ABD17474DE6}.AppStore|iPhoneSimulator.ActiveCfg = Debug|x86
		{9FF2E01F-75AB-4022-92C2-2ABD17474DE6}.AppStore|iPhoneSimulator.Build.0 = Debug|x86
		{9FF2E01F-75AB-4022-92C2-2ABD17474DE6}.AppStore|iPhoneSimulator.Deploy.0 = Debug|x86
		{9FF2E01F-75AB-4022-92C2-2ABD17474DE6}.AppStore|x64.ActiveCfg = Debug|x64
		{9FF2E01F-75AB-4022-92C2-2ABD17474DE6}.AppStore|x64.Build.0 = Debug|x64
		{9FF2E01F-75AB-4022-92C2-2ABD17474DE6}.AppStore|x64.Deploy.0 = Debug|x64
		{9FF2E01F-75AB-4022-92C2-2ABD17474DE6}.AppStore|x86.ActiveCfg = Debug|x86
		{9FF2E01F-75AB-4022-92C2-2ABD17474DE6}.AppStore|x86.Build.0 = Debug|x86
		{9FF2E01F-75AB-4022-92C2-2ABD17474DE6}.AppStore|x86.Deploy.0 = Debug|x86
		{9FF2E01F-75AB-4022-92C2-2ABD17474DE6}.Debug|Any CPU.ActiveCfg = Debug|x86
		{9FF2E01F-75AB-4022-92C2-2ABD17474DE6}.Debug|Any CPU.Build.0 = Debug|x86
		{9FF2E01F-75AB-4022-92C2-2ABD17474DE6}.Debug|Any CPU.Deploy.0 = Debug|x86
		{9FF2E01F-75AB-4022-92C2-2ABD17474DE6}.Debug|ARM.ActiveCfg = Debug|ARM
		{9FF2E01F-75AB-4022-92C2-2ABD17474DE6}.Debug|ARM.Build.0 = Debug|ARM
		{9FF2E01F-75AB-4022-92C2-2ABD17474DE6}.Debug|ARM.Deploy.0 = Debug|ARM
		{9FF2E01F-75AB-4022-92C2-2ABD17474DE6}.Debug|ARM64.ActiveCfg = Debug|ARM64
		{9FF2E01F-75AB-4022-92C2-2ABD17474DE6}.Debug|ARM64.Build.0 = Debug|ARM64
		{9FF2E01F-75AB-4022-92C2-2ABD17474DE6}.Debug|ARM64.Deploy.0 = Debug|ARM64
		{9FF2E01F-75AB-4022-92C2-2ABD17474DE6}.Debug|iPhone.ActiveCfg = Debug|x86
		{9FF2E01F-75AB-4022-92C2-2ABD17474DE6}.Debug|iPhoneSimulator.ActiveCfg = Debug|x86
		{9FF2E01F-75AB-4022-92C2-2ABD17474DE6}.Debug|x64.ActiveCfg = Debug|x64
		{9FF2E01F-75AB-4022-92C2-2ABD17474DE6}.Debug|x64.Build.0 = Debug|x64
		{9FF2E01F-75AB-4022-92C2-2ABD17474DE6}.Debug|x64.Deploy.0 = Debug|x64
		{9FF2E01F-75AB-4022-92C2-2ABD17474DE6}.Debug|x86.ActiveCfg = Debug|x86
		{9FF2E01F-75AB-4022-92C2-2ABD17474DE6}.Debug|x86.Build.0 = Debug|x86
		{9FF2E01F-75AB-4022-92C2-2ABD17474DE6}.Debug|x86.Deploy.0 = Debug|x86
		{9FF2E01F-75AB-4022-92C2-2ABD17474DE6}.Release|Any CPU.ActiveCfg = Release|x86
		{9FF2E01F-75AB-4022-92C2-2ABD17474DE6}.Release|ARM.ActiveCfg = Release|ARM
		{9FF2E01F-75AB-4022-92C2-2ABD17474DE6}.Release|ARM.Build.0 = Release|ARM
		{9FF2E01F-75AB-4022-92C2-2ABD17474DE6}.Release|ARM.Deploy.0 = Release|ARM
		{9FF2E01F-75AB-4022-92C2-2ABD17474DE6}.Release|ARM64.ActiveCfg = Release|ARM64
		{9FF2E01F-75AB-4022-92C2-2ABD17474DE6}.Release|ARM64.Build.0 = Release|ARM64
		{9FF2E01F-75AB-4022-92C2-2ABD17474DE6}.Release|ARM64.Deploy.0 = Release|ARM64
		{9FF2E01F-75AB-4022-92C2-2ABD17474DE6}.Release|iPhone.ActiveCfg = Release|x86
		{9FF2E01F-75AB-4022-92C2-2ABD17474DE6}.Release|iPhoneSimulator.ActiveCfg = Release|x86
		{9FF2E01F-75AB-4022-92C2-2ABD17474DE6}.Release|x64.ActiveCfg = Release|x64
		{9FF2E01F-75AB-4022-92C2-2ABD17474DE6}.Release|x64.Build.0 = Release|x64
		{9FF2E01F-75AB-4022-92C2-2ABD17474DE6}.Release|x64.Deploy.0 = Release|x64
		{9FF2E01F-75AB-4022-92C2-2ABD17474DE6}.Release|x86.ActiveCfg = Release|x86
		{9FF2E01F-75AB-4022-92C2-2ABD17474DE6}.Release|x86.Build.0 = Release|x86
		{9FF2E01F-75AB-4022-92C2-2ABD17474DE6}.Release|x86.Deploy.0 = Release|x86
		{4202255B-150A-466B-BF37-AF1421CD1FD6}.Ad-Hoc|Any CPU.ActiveCfg = Debug|Any CPU
		{4202255B-150A-466B-BF37-AF1421CD1FD6}.Ad-Hoc|Any CPU.Build.0 = Debug|Any CPU
		{4202255B-150A-466B-BF37-AF1421CD1FD6}.Ad-Hoc|ARM.ActiveCfg = Debug|Any CPU
		{4202255B-150A-466B-BF37-AF1421CD1FD6}.Ad-Hoc|ARM.Build.0 = Debug|Any CPU
		{4202255B-150A-466B-BF37-AF1421CD1FD6}.Ad-Hoc|ARM64.ActiveCfg = Debug|Any CPU
		{4202255B-150A-466B-BF37-AF1421CD1FD6}.Ad-Hoc|ARM64.Build.0 = Debug|Any CPU
		{4202255B-150A-466B-BF37-AF1421CD1FD6}.Ad-Hoc|iPhone.ActiveCfg = Debug|Any CPU
		{4202255B-150A-466B-BF37-AF1421CD1FD6}.Ad-Hoc|iPhone.Build.0 = Debug|Any CPU
		{4202255B-150A-466B-BF37-AF1421CD1FD6}.Ad-Hoc|iPhoneSimulator.ActiveCfg = Debug|Any CPU
		{4202255B-150A-466B-BF37-AF1421CD1FD6}.Ad-Hoc|iPhoneSimulator.Build.0 = Debug|Any CPU
		{4202255B-150A-466B-BF37-AF1421CD1FD6}.Ad-Hoc|x64.ActiveCfg = Debug|Any CPU
		{4202255B-150A-466B-BF37-AF1421CD1FD6}.Ad-Hoc|x64.Build.0 = Debug|Any CPU
		{4202255B-150A-466B-BF37-AF1421CD1FD6}.Ad-Hoc|x86.ActiveCfg = Debug|Any CPU
		{4202255B-150A-466B-BF37-AF1421CD1FD6}.Ad-Hoc|x86.Build.0 = Debug|Any CPU
		{4202255B-150A-466B-BF37-AF1421CD1FD6}.AppStore|Any CPU.ActiveCfg = Debug|Any CPU
		{4202255B-150A-466B-BF37-AF1421CD1FD6}.AppStore|Any CPU.Build.0 = Debug|Any CPU
		{4202255B-150A-466B-BF37-AF1421CD1FD6}.AppStore|ARM.ActiveCfg = Debug|Any CPU
		{4202255B-150A-466B-BF37-AF1421CD1FD6}.AppStore|ARM.Build.0 = Debug|Any CPU
		{4202255B-150A-466B-BF37-AF1421CD1FD6}.AppStore|ARM64.ActiveCfg = Debug|Any CPU
		{4202255B-150A-466B-BF37-AF1421CD1FD6}.AppStore|ARM64.Build.0 = Debug|Any CPU
		{4202255B-150A-466B-BF37-AF1421CD1FD6}.AppStore|iPhone.ActiveCfg = Debug|Any CPU
		{4202255B-150A-466B-BF37-AF1421CD1FD6}.AppStore|iPhone.Build.0 = Debug|Any CPU
		{4202255B-150A-466B-BF37-AF1421CD1FD6}.AppStore|iPhoneSimulator.ActiveCfg = Debug|Any CPU
		{4202255B-150A-466B-BF37-AF1421CD1FD6}.AppStore|iPhoneSimulator.Build.0 = Debug|Any CPU
		{4202255B-150A-466B-BF37-AF1421CD1FD6}.AppStore|x64.ActiveCfg = Debug|Any CPU
		{4202255B-150A-466B-BF37-AF1421CD1FD6}.AppStore|x64.Build.0 = Debug|Any CPU
		{4202255B-150A-466B-BF37-AF1421CD1FD6}.AppStore|x86.ActiveCfg = Debug|Any CPU
		{4202255B-150A-466B-BF37-AF1421CD1FD6}.AppStore|x86.Build.0 = Debug|Any CPU
		{4202255B-150A-466B-BF37-AF1421CD1FD6}.Debug|Any CPU.ActiveCfg = Debug|Any CPU
		{4202255B-150A-466B-BF37-AF1421CD1FD6}.Debug|Any CPU.Build.0 = Debug|Any CPU
		{4202255B-150A-466B-BF37-AF1421CD1FD6}.Debug|ARM.ActiveCfg = Debug|Any CPU
		{4202255B-150A-466B-BF37-AF1421CD1FD6}.Debug|ARM.Build.0 = Debug|Any CPU
		{4202255B-150A-466B-BF37-AF1421CD1FD6}.Debug|ARM64.ActiveCfg = Debug|Any CPU
		{4202255B-150A-466B-BF37-AF1421CD1FD6}.Debug|ARM64.Build.0 = Debug|Any CPU
		{4202255B-150A-466B-BF37-AF1421CD1FD6}.Debug|iPhone.ActiveCfg = Debug|Any CPU
		{4202255B-150A-466B-BF37-AF1421CD1FD6}.Debug|iPhone.Build.0 = Debug|Any CPU
		{4202255B-150A-466B-BF37-AF1421CD1FD6}.Debug|iPhoneSimulator.ActiveCfg = Debug|Any CPU
		{4202255B-150A-466B-BF37-AF1421CD1FD6}.Debug|iPhoneSimulator.Build.0 = Debug|Any CPU
		{4202255B-150A-466B-BF37-AF1421CD1FD6}.Debug|x64.ActiveCfg = Debug|Any CPU
		{4202255B-150A-466B-BF37-AF1421CD1FD6}.Debug|x64.Build.0 = Debug|Any CPU
		{4202255B-150A-466B-BF37-AF1421CD1FD6}.Debug|x86.ActiveCfg = Debug|Any CPU
		{4202255B-150A-466B-BF37-AF1421CD1FD6}.Debug|x86.Build.0 = Debug|Any CPU
		{4202255B-150A-466B-BF37-AF1421CD1FD6}.Release|Any CPU.ActiveCfg = Release|Any CPU
		{4202255B-150A-466B-BF37-AF1421CD1FD6}.Release|Any CPU.Build.0 = Release|Any CPU
		{4202255B-150A-466B-BF37-AF1421CD1FD6}.Release|ARM.ActiveCfg = Release|Any CPU
		{4202255B-150A-466B-BF37-AF1421CD1FD6}.Release|ARM.Build.0 = Release|Any CPU
		{4202255B-150A-466B-BF37-AF1421CD1FD6}.Release|ARM64.ActiveCfg = Release|Any CPU
		{4202255B-150A-466B-BF37-AF1421CD1FD6}.Release|ARM64.Build.0 = Release|Any CPU
		{4202255B-150A-466B-BF37-AF1421CD1FD6}.Release|iPhone.ActiveCfg = Release|Any CPU
		{4202255B-150A-466B-BF37-AF1421CD1FD6}.Release|iPhone.Build.0 = Release|Any CPU
		{4202255B-150A-466B-BF37-AF1421CD1FD6}.Release|iPhoneSimulator.ActiveCfg = Release|Any CPU
		{4202255B-150A-466B-BF37-AF1421CD1FD6}.Release|iPhoneSimulator.Build.0 = Release|Any CPU
		{4202255B-150A-466B-BF37-AF1421CD1FD6}.Release|x64.ActiveCfg = Release|Any CPU
		{4202255B-150A-466B-BF37-AF1421CD1FD6}.Release|x64.Build.0 = Release|Any CPU
		{4202255B-150A-466B-BF37-AF1421CD1FD6}.Release|x86.ActiveCfg = Release|Any CPU
		{4202255B-150A-466B-BF37-AF1421CD1FD6}.Release|x86.Build.0 = Release|Any CPU
		{CF6CA5FF-78BE-47EC-9E06-2B78BAE134E2}.Ad-Hoc|Any CPU.ActiveCfg = Debug|iPhoneSimulator
		{CF6CA5FF-78BE-47EC-9E06-2B78BAE134E2}.Ad-Hoc|Any CPU.Build.0 = Debug|iPhoneSimulator
		{CF6CA5FF-78BE-47EC-9E06-2B78BAE134E2}.Ad-Hoc|ARM.ActiveCfg = Debug|iPhoneSimulator
		{CF6CA5FF-78BE-47EC-9E06-2B78BAE134E2}.Ad-Hoc|ARM.Build.0 = Debug|iPhoneSimulator
		{CF6CA5FF-78BE-47EC-9E06-2B78BAE134E2}.Ad-Hoc|ARM64.ActiveCfg = Debug|iPhoneSimulator
		{CF6CA5FF-78BE-47EC-9E06-2B78BAE134E2}.Ad-Hoc|ARM64.Build.0 = Debug|iPhoneSimulator
		{CF6CA5FF-78BE-47EC-9E06-2B78BAE134E2}.Ad-Hoc|iPhone.ActiveCfg = Debug|iPhoneSimulator
		{CF6CA5FF-78BE-47EC-9E06-2B78BAE134E2}.Ad-Hoc|iPhone.Build.0 = Debug|iPhoneSimulator
		{CF6CA5FF-78BE-47EC-9E06-2B78BAE134E2}.Ad-Hoc|iPhoneSimulator.ActiveCfg = Debug|iPhoneSimulator
		{CF6CA5FF-78BE-47EC-9E06-2B78BAE134E2}.Ad-Hoc|iPhoneSimulator.Build.0 = Debug|iPhoneSimulator
		{CF6CA5FF-78BE-47EC-9E06-2B78BAE134E2}.Ad-Hoc|x64.ActiveCfg = Debug|iPhoneSimulator
		{CF6CA5FF-78BE-47EC-9E06-2B78BAE134E2}.Ad-Hoc|x64.Build.0 = Debug|iPhoneSimulator
		{CF6CA5FF-78BE-47EC-9E06-2B78BAE134E2}.Ad-Hoc|x86.ActiveCfg = Debug|iPhoneSimulator
		{CF6CA5FF-78BE-47EC-9E06-2B78BAE134E2}.Ad-Hoc|x86.Build.0 = Debug|iPhoneSimulator
		{CF6CA5FF-78BE-47EC-9E06-2B78BAE134E2}.AppStore|Any CPU.ActiveCfg = Debug|iPhoneSimulator
		{CF6CA5FF-78BE-47EC-9E06-2B78BAE134E2}.AppStore|Any CPU.Build.0 = Debug|iPhoneSimulator
		{CF6CA5FF-78BE-47EC-9E06-2B78BAE134E2}.AppStore|ARM.ActiveCfg = Debug|iPhoneSimulator
		{CF6CA5FF-78BE-47EC-9E06-2B78BAE134E2}.AppStore|ARM.Build.0 = Debug|iPhoneSimulator
		{CF6CA5FF-78BE-47EC-9E06-2B78BAE134E2}.AppStore|ARM64.ActiveCfg = Debug|iPhoneSimulator
		{CF6CA5FF-78BE-47EC-9E06-2B78BAE134E2}.AppStore|ARM64.Build.0 = Debug|iPhoneSimulator
		{CF6CA5FF-78BE-47EC-9E06-2B78BAE134E2}.AppStore|iPhone.ActiveCfg = Debug|iPhoneSimulator
		{CF6CA5FF-78BE-47EC-9E06-2B78BAE134E2}.AppStore|iPhone.Build.0 = Debug|iPhoneSimulator
		{CF6CA5FF-78BE-47EC-9E06-2B78BAE134E2}.AppStore|iPhoneSimulator.ActiveCfg = Debug|iPhoneSimulator
		{CF6CA5FF-78BE-47EC-9E06-2B78BAE134E2}.AppStore|iPhoneSimulator.Build.0 = Debug|iPhoneSimulator
		{CF6CA5FF-78BE-47EC-9E06-2B78BAE134E2}.AppStore|x64.ActiveCfg = Debug|iPhoneSimulator
		{CF6CA5FF-78BE-47EC-9E06-2B78BAE134E2}.AppStore|x64.Build.0 = Debug|iPhoneSimulator
		{CF6CA5FF-78BE-47EC-9E06-2B78BAE134E2}.AppStore|x86.ActiveCfg = Debug|iPhoneSimulator
		{CF6CA5FF-78BE-47EC-9E06-2B78BAE134E2}.AppStore|x86.Build.0 = Debug|iPhoneSimulator
		{CF6CA5FF-78BE-47EC-9E06-2B78BAE134E2}.Debug|Any CPU.ActiveCfg = Debug|iPhoneSimulator
		{CF6CA5FF-78BE-47EC-9E06-2B78BAE134E2}.Debug|ARM.ActiveCfg = Debug|iPhoneSimulator
		{CF6CA5FF-78BE-47EC-9E06-2B78BAE134E2}.Debug|ARM64.ActiveCfg = Debug|iPhoneSimulator
		{CF6CA5FF-78BE-47EC-9E06-2B78BAE134E2}.Debug|iPhone.ActiveCfg = Debug|iPhoneSimulator
		{CF6CA5FF-78BE-47EC-9E06-2B78BAE134E2}.Debug|iPhoneSimulator.ActiveCfg = Debug|iPhoneSimulator
		{CF6CA5FF-78BE-47EC-9E06-2B78BAE134E2}.Debug|iPhoneSimulator.Build.0 = Debug|iPhoneSimulator
		{CF6CA5FF-78BE-47EC-9E06-2B78BAE134E2}.Debug|x64.ActiveCfg = Debug|iPhoneSimulator
		{CF6CA5FF-78BE-47EC-9E06-2B78BAE134E2}.Debug|x86.ActiveCfg = Debug|iPhoneSimulator
		{CF6CA5FF-78BE-47EC-9E06-2B78BAE134E2}.Release|Any CPU.ActiveCfg = Release|iPhoneSimulator
		{CF6CA5FF-78BE-47EC-9E06-2B78BAE134E2}.Release|ARM.ActiveCfg = Release|iPhoneSimulator
		{CF6CA5FF-78BE-47EC-9E06-2B78BAE134E2}.Release|ARM64.ActiveCfg = Release|iPhoneSimulator
		{CF6CA5FF-78BE-47EC-9E06-2B78BAE134E2}.Release|iPhone.ActiveCfg = Release|iPhoneSimulator
		{CF6CA5FF-78BE-47EC-9E06-2B78BAE134E2}.Release|iPhoneSimulator.ActiveCfg = Release|iPhoneSimulator
		{CF6CA5FF-78BE-47EC-9E06-2B78BAE134E2}.Release|iPhoneSimulator.Build.0 = Release|iPhoneSimulator
		{CF6CA5FF-78BE-47EC-9E06-2B78BAE134E2}.Release|x64.ActiveCfg = Release|iPhoneSimulator
		{CF6CA5FF-78BE-47EC-9E06-2B78BAE134E2}.Release|x86.ActiveCfg = Release|iPhoneSimulator
		{5F847F46-4BFA-4D33-A93C-E689486F3AD2}.Ad-Hoc|Any CPU.ActiveCfg = Debug|Any CPU
		{5F847F46-4BFA-4D33-A93C-E689486F3AD2}.Ad-Hoc|Any CPU.Build.0 = Debug|Any CPU
		{5F847F46-4BFA-4D33-A93C-E689486F3AD2}.Ad-Hoc|ARM.ActiveCfg = Debug|Any CPU
		{5F847F46-4BFA-4D33-A93C-E689486F3AD2}.Ad-Hoc|ARM.Build.0 = Debug|Any CPU
		{5F847F46-4BFA-4D33-A93C-E689486F3AD2}.Ad-Hoc|ARM64.ActiveCfg = Debug|Any CPU
		{5F847F46-4BFA-4D33-A93C-E689486F3AD2}.Ad-Hoc|ARM64.Build.0 = Debug|Any CPU
		{5F847F46-4BFA-4D33-A93C-E689486F3AD2}.Ad-Hoc|iPhone.ActiveCfg = Debug|Any CPU
		{5F847F46-4BFA-4D33-A93C-E689486F3AD2}.Ad-Hoc|iPhone.Build.0 = Debug|Any CPU
		{5F847F46-4BFA-4D33-A93C-E689486F3AD2}.Ad-Hoc|iPhoneSimulator.ActiveCfg = Debug|Any CPU
		{5F847F46-4BFA-4D33-A93C-E689486F3AD2}.Ad-Hoc|iPhoneSimulator.Build.0 = Debug|Any CPU
		{5F847F46-4BFA-4D33-A93C-E689486F3AD2}.Ad-Hoc|x64.ActiveCfg = Debug|Any CPU
		{5F847F46-4BFA-4D33-A93C-E689486F3AD2}.Ad-Hoc|x64.Build.0 = Debug|Any CPU
		{5F847F46-4BFA-4D33-A93C-E689486F3AD2}.Ad-Hoc|x86.ActiveCfg = Debug|Any CPU
		{5F847F46-4BFA-4D33-A93C-E689486F3AD2}.Ad-Hoc|x86.Build.0 = Debug|Any CPU
		{5F847F46-4BFA-4D33-A93C-E689486F3AD2}.AppStore|Any CPU.ActiveCfg = Debug|Any CPU
		{5F847F46-4BFA-4D33-A93C-E689486F3AD2}.AppStore|Any CPU.Build.0 = Debug|Any CPU
		{5F847F46-4BFA-4D33-A93C-E689486F3AD2}.AppStore|ARM.ActiveCfg = Debug|Any CPU
		{5F847F46-4BFA-4D33-A93C-E689486F3AD2}.AppStore|ARM.Build.0 = Debug|Any CPU
		{5F847F46-4BFA-4D33-A93C-E689486F3AD2}.AppStore|ARM64.ActiveCfg = Debug|Any CPU
		{5F847F46-4BFA-4D33-A93C-E689486F3AD2}.AppStore|ARM64.Build.0 = Debug|Any CPU
		{5F847F46-4BFA-4D33-A93C-E689486F3AD2}.AppStore|iPhone.ActiveCfg = Debug|Any CPU
		{5F847F46-4BFA-4D33-A93C-E689486F3AD2}.AppStore|iPhone.Build.0 = Debug|Any CPU
		{5F847F46-4BFA-4D33-A93C-E689486F3AD2}.AppStore|iPhoneSimulator.ActiveCfg = Debug|Any CPU
		{5F847F46-4BFA-4D33-A93C-E689486F3AD2}.AppStore|iPhoneSimulator.Build.0 = Debug|Any CPU
		{5F847F46-4BFA-4D33-A93C-E689486F3AD2}.AppStore|x64.ActiveCfg = Debug|Any CPU
		{5F847F46-4BFA-4D33-A93C-E689486F3AD2}.AppStore|x64.Build.0 = Debug|Any CPU
		{5F847F46-4BFA-4D33-A93C-E689486F3AD2}.AppStore|x86.ActiveCfg = Debug|Any CPU
		{5F847F46-4BFA-4D33-A93C-E689486F3AD2}.AppStore|x86.Build.0 = Debug|Any CPU
		{5F847F46-4BFA-4D33-A93C-E689486F3AD2}.Debug|Any CPU.ActiveCfg = Debug|Any CPU
		{5F847F46-4BFA-4D33-A93C-E689486F3AD2}.Debug|Any CPU.Build.0 = Debug|Any CPU
		{5F847F46-4BFA-4D33-A93C-E689486F3AD2}.Debug|ARM.ActiveCfg = Debug|Any CPU
		{5F847F46-4BFA-4D33-A93C-E689486F3AD2}.Debug|ARM.Build.0 = Debug|Any CPU
		{5F847F46-4BFA-4D33-A93C-E689486F3AD2}.Debug|ARM64.ActiveCfg = Debug|Any CPU
		{5F847F46-4BFA-4D33-A93C-E689486F3AD2}.Debug|ARM64.Build.0 = Debug|Any CPU
		{5F847F46-4BFA-4D33-A93C-E689486F3AD2}.Debug|iPhone.ActiveCfg = Debug|Any CPU
		{5F847F46-4BFA-4D33-A93C-E689486F3AD2}.Debug|iPhone.Build.0 = Debug|Any CPU
		{5F847F46-4BFA-4D33-A93C-E689486F3AD2}.Debug|iPhoneSimulator.ActiveCfg = Debug|Any CPU
		{5F847F46-4BFA-4D33-A93C-E689486F3AD2}.Debug|iPhoneSimulator.Build.0 = Debug|Any CPU
		{5F847F46-4BFA-4D33-A93C-E689486F3AD2}.Debug|x64.ActiveCfg = Debug|Any CPU
		{5F847F46-4BFA-4D33-A93C-E689486F3AD2}.Debug|x64.Build.0 = Debug|Any CPU
		{5F847F46-4BFA-4D33-A93C-E689486F3AD2}.Debug|x86.ActiveCfg = Debug|Any CPU
		{5F847F46-4BFA-4D33-A93C-E689486F3AD2}.Debug|x86.Build.0 = Debug|Any CPU
		{5F847F46-4BFA-4D33-A93C-E689486F3AD2}.Release|Any CPU.ActiveCfg = Release|Any CPU
		{5F847F46-4BFA-4D33-A93C-E689486F3AD2}.Release|Any CPU.Build.0 = Release|Any CPU
		{5F847F46-4BFA-4D33-A93C-E689486F3AD2}.Release|ARM.ActiveCfg = Release|Any CPU
		{5F847F46-4BFA-4D33-A93C-E689486F3AD2}.Release|ARM.Build.0 = Release|Any CPU
		{5F847F46-4BFA-4D33-A93C-E689486F3AD2}.Release|ARM64.ActiveCfg = Release|Any CPU
		{5F847F46-4BFA-4D33-A93C-E689486F3AD2}.Release|ARM64.Build.0 = Release|Any CPU
		{5F847F46-4BFA-4D33-A93C-E689486F3AD2}.Release|iPhone.ActiveCfg = Release|Any CPU
		{5F847F46-4BFA-4D33-A93C-E689486F3AD2}.Release|iPhone.Build.0 = Release|Any CPU
		{5F847F46-4BFA-4D33-A93C-E689486F3AD2}.Release|iPhoneSimulator.ActiveCfg = Release|Any CPU
		{5F847F46-4BFA-4D33-A93C-E689486F3AD2}.Release|iPhoneSimulator.Build.0 = Release|Any CPU
		{5F847F46-4BFA-4D33-A93C-E689486F3AD2}.Release|x64.ActiveCfg = Release|Any CPU
		{5F847F46-4BFA-4D33-A93C-E689486F3AD2}.Release|x64.Build.0 = Release|Any CPU
		{5F847F46-4BFA-4D33-A93C-E689486F3AD2}.Release|x86.ActiveCfg = Release|Any CPU
		{5F847F46-4BFA-4D33-A93C-E689486F3AD2}.Release|x86.Build.0 = Release|Any CPU
		{78FDB2B8-6230-44B4-A651-86D1851E4401}.Ad-Hoc|Any CPU.ActiveCfg = Debug|Any CPU
		{78FDB2B8-6230-44B4-A651-86D1851E4401}.Ad-Hoc|Any CPU.Build.0 = Debug|Any CPU
		{78FDB2B8-6230-44B4-A651-86D1851E4401}.Ad-Hoc|ARM.ActiveCfg = Debug|Any CPU
		{78FDB2B8-6230-44B4-A651-86D1851E4401}.Ad-Hoc|ARM.Build.0 = Debug|Any CPU
		{78FDB2B8-6230-44B4-A651-86D1851E4401}.Ad-Hoc|ARM64.ActiveCfg = Debug|Any CPU
		{78FDB2B8-6230-44B4-A651-86D1851E4401}.Ad-Hoc|ARM64.Build.0 = Debug|Any CPU
		{78FDB2B8-6230-44B4-A651-86D1851E4401}.Ad-Hoc|iPhone.ActiveCfg = Debug|Any CPU
		{78FDB2B8-6230-44B4-A651-86D1851E4401}.Ad-Hoc|iPhone.Build.0 = Debug|Any CPU
		{78FDB2B8-6230-44B4-A651-86D1851E4401}.Ad-Hoc|iPhoneSimulator.ActiveCfg = Debug|Any CPU
		{78FDB2B8-6230-44B4-A651-86D1851E4401}.Ad-Hoc|iPhoneSimulator.Build.0 = Debug|Any CPU
		{78FDB2B8-6230-44B4-A651-86D1851E4401}.Ad-Hoc|x64.ActiveCfg = Debug|Any CPU
		{78FDB2B8-6230-44B4-A651-86D1851E4401}.Ad-Hoc|x64.Build.0 = Debug|Any CPU
		{78FDB2B8-6230-44B4-A651-86D1851E4401}.Ad-Hoc|x86.ActiveCfg = Debug|Any CPU
		{78FDB2B8-6230-44B4-A651-86D1851E4401}.Ad-Hoc|x86.Build.0 = Debug|Any CPU
		{78FDB2B8-6230-44B4-A651-86D1851E4401}.AppStore|Any CPU.ActiveCfg = Debug|Any CPU
		{78FDB2B8-6230-44B4-A651-86D1851E4401}.AppStore|Any CPU.Build.0 = Debug|Any CPU
		{78FDB2B8-6230-44B4-A651-86D1851E4401}.AppStore|ARM.ActiveCfg = Debug|Any CPU
		{78FDB2B8-6230-44B4-A651-86D1851E4401}.AppStore|ARM.Build.0 = Debug|Any CPU
		{78FDB2B8-6230-44B4-A651-86D1851E4401}.AppStore|ARM64.ActiveCfg = Debug|Any CPU
		{78FDB2B8-6230-44B4-A651-86D1851E4401}.AppStore|ARM64.Build.0 = Debug|Any CPU
		{78FDB2B8-6230-44B4-A651-86D1851E4401}.AppStore|iPhone.ActiveCfg = Debug|Any CPU
		{78FDB2B8-6230-44B4-A651-86D1851E4401}.AppStore|iPhone.Build.0 = Debug|Any CPU
		{78FDB2B8-6230-44B4-A651-86D1851E4401}.AppStore|iPhoneSimulator.ActiveCfg = Debug|Any CPU
		{78FDB2B8-6230-44B4-A651-86D1851E4401}.AppStore|iPhoneSimulator.Build.0 = Debug|Any CPU
		{78FDB2B8-6230-44B4-A651-86D1851E4401}.AppStore|x64.ActiveCfg = Debug|Any CPU
		{78FDB2B8-6230-44B4-A651-86D1851E4401}.AppStore|x64.Build.0 = Debug|Any CPU
		{78FDB2B8-6230-44B4-A651-86D1851E4401}.AppStore|x86.ActiveCfg = Debug|Any CPU
		{78FDB2B8-6230-44B4-A651-86D1851E4401}.AppStore|x86.Build.0 = Debug|Any CPU
		{78FDB2B8-6230-44B4-A651-86D1851E4401}.Debug|Any CPU.ActiveCfg = Debug|Any CPU
		{78FDB2B8-6230-44B4-A651-86D1851E4401}.Debug|Any CPU.Build.0 = Debug|Any CPU
		{78FDB2B8-6230-44B4-A651-86D1851E4401}.Debug|ARM.ActiveCfg = Debug|Any CPU
		{78FDB2B8-6230-44B4-A651-86D1851E4401}.Debug|ARM.Build.0 = Debug|Any CPU
		{78FDB2B8-6230-44B4-A651-86D1851E4401}.Debug|ARM64.ActiveCfg = Debug|Any CPU
		{78FDB2B8-6230-44B4-A651-86D1851E4401}.Debug|ARM64.Build.0 = Debug|Any CPU
		{78FDB2B8-6230-44B4-A651-86D1851E4401}.Debug|iPhone.ActiveCfg = Debug|Any CPU
		{78FDB2B8-6230-44B4-A651-86D1851E4401}.Debug|iPhone.Build.0 = Debug|Any CPU
		{78FDB2B8-6230-44B4-A651-86D1851E4401}.Debug|iPhoneSimulator.ActiveCfg = Debug|Any CPU
		{78FDB2B8-6230-44B4-A651-86D1851E4401}.Debug|iPhoneSimulator.Build.0 = Debug|Any CPU
		{78FDB2B8-6230-44B4-A651-86D1851E4401}.Debug|x64.ActiveCfg = Debug|Any CPU
		{78FDB2B8-6230-44B4-A651-86D1851E4401}.Debug|x64.Build.0 = Debug|Any CPU
		{78FDB2B8-6230-44B4-A651-86D1851E4401}.Debug|x86.ActiveCfg = Debug|Any CPU
		{78FDB2B8-6230-44B4-A651-86D1851E4401}.Debug|x86.Build.0 = Debug|Any CPU
		{78FDB2B8-6230-44B4-A651-86D1851E4401}.Release|Any CPU.ActiveCfg = Release|Any CPU
		{78FDB2B8-6230-44B4-A651-86D1851E4401}.Release|Any CPU.Build.0 = Release|Any CPU
		{78FDB2B8-6230-44B4-A651-86D1851E4401}.Release|ARM.ActiveCfg = Release|Any CPU
		{78FDB2B8-6230-44B4-A651-86D1851E4401}.Release|ARM.Build.0 = Release|Any CPU
		{78FDB2B8-6230-44B4-A651-86D1851E4401}.Release|ARM64.ActiveCfg = Release|Any CPU
		{78FDB2B8-6230-44B4-A651-86D1851E4401}.Release|ARM64.Build.0 = Release|Any CPU
		{78FDB2B8-6230-44B4-A651-86D1851E4401}.Release|iPhone.ActiveCfg = Release|Any CPU
		{78FDB2B8-6230-44B4-A651-86D1851E4401}.Release|iPhone.Build.0 = Release|Any CPU
		{78FDB2B8-6230-44B4-A651-86D1851E4401}.Release|iPhoneSimulator.ActiveCfg = Release|Any CPU
		{78FDB2B8-6230-44B4-A651-86D1851E4401}.Release|iPhoneSimulator.Build.0 = Release|Any CPU
		{78FDB2B8-6230-44B4-A651-86D1851E4401}.Release|x64.ActiveCfg = Release|Any CPU
		{78FDB2B8-6230-44B4-A651-86D1851E4401}.Release|x64.Build.0 = Release|Any CPU
		{78FDB2B8-6230-44B4-A651-86D1851E4401}.Release|x86.ActiveCfg = Release|Any CPU
		{78FDB2B8-6230-44B4-A651-86D1851E4401}.Release|x86.Build.0 = Release|Any CPU
		{1F8A7DF8-867E-4569-9749-37327611D9DC}.Ad-Hoc|Any CPU.ActiveCfg = Debug|Any CPU
		{1F8A7DF8-867E-4569-9749-37327611D9DC}.Ad-Hoc|Any CPU.Build.0 = Debug|Any CPU
		{1F8A7DF8-867E-4569-9749-37327611D9DC}.Ad-Hoc|ARM.ActiveCfg = Debug|Any CPU
		{1F8A7DF8-867E-4569-9749-37327611D9DC}.Ad-Hoc|ARM.Build.0 = Debug|Any CPU
		{1F8A7DF8-867E-4569-9749-37327611D9DC}.Ad-Hoc|ARM64.ActiveCfg = Debug|Any CPU
		{1F8A7DF8-867E-4569-9749-37327611D9DC}.Ad-Hoc|ARM64.Build.0 = Debug|Any CPU
		{1F8A7DF8-867E-4569-9749-37327611D9DC}.Ad-Hoc|iPhone.ActiveCfg = Debug|Any CPU
		{1F8A7DF8-867E-4569-9749-37327611D9DC}.Ad-Hoc|iPhone.Build.0 = Debug|Any CPU
		{1F8A7DF8-867E-4569-9749-37327611D9DC}.Ad-Hoc|iPhoneSimulator.ActiveCfg = Debug|Any CPU
		{1F8A7DF8-867E-4569-9749-37327611D9DC}.Ad-Hoc|iPhoneSimulator.Build.0 = Debug|Any CPU
		{1F8A7DF8-867E-4569-9749-37327611D9DC}.Ad-Hoc|x64.ActiveCfg = Debug|Any CPU
		{1F8A7DF8-867E-4569-9749-37327611D9DC}.Ad-Hoc|x64.Build.0 = Debug|Any CPU
		{1F8A7DF8-867E-4569-9749-37327611D9DC}.Ad-Hoc|x86.ActiveCfg = Debug|Any CPU
		{1F8A7DF8-867E-4569-9749-37327611D9DC}.Ad-Hoc|x86.Build.0 = Debug|Any CPU
		{1F8A7DF8-867E-4569-9749-37327611D9DC}.AppStore|Any CPU.ActiveCfg = Debug|Any CPU
		{1F8A7DF8-867E-4569-9749-37327611D9DC}.AppStore|Any CPU.Build.0 = Debug|Any CPU
		{1F8A7DF8-867E-4569-9749-37327611D9DC}.AppStore|ARM.ActiveCfg = Debug|Any CPU
		{1F8A7DF8-867E-4569-9749-37327611D9DC}.AppStore|ARM.Build.0 = Debug|Any CPU
		{1F8A7DF8-867E-4569-9749-37327611D9DC}.AppStore|ARM64.ActiveCfg = Debug|Any CPU
		{1F8A7DF8-867E-4569-9749-37327611D9DC}.AppStore|ARM64.Build.0 = Debug|Any CPU
		{1F8A7DF8-867E-4569-9749-37327611D9DC}.AppStore|iPhone.ActiveCfg = Debug|Any CPU
		{1F8A7DF8-867E-4569-9749-37327611D9DC}.AppStore|iPhone.Build.0 = Debug|Any CPU
		{1F8A7DF8-867E-4569-9749-37327611D9DC}.AppStore|iPhoneSimulator.ActiveCfg = Debug|Any CPU
		{1F8A7DF8-867E-4569-9749-37327611D9DC}.AppStore|iPhoneSimulator.Build.0 = Debug|Any CPU
		{1F8A7DF8-867E-4569-9749-37327611D9DC}.AppStore|x64.ActiveCfg = Debug|Any CPU
		{1F8A7DF8-867E-4569-9749-37327611D9DC}.AppStore|x64.Build.0 = Debug|Any CPU
		{1F8A7DF8-867E-4569-9749-37327611D9DC}.AppStore|x86.ActiveCfg = Debug|Any CPU
		{1F8A7DF8-867E-4569-9749-37327611D9DC}.AppStore|x86.Build.0 = Debug|Any CPU
		{1F8A7DF8-867E-4569-9749-37327611D9DC}.Debug|Any CPU.ActiveCfg = Debug|Any CPU
		{1F8A7DF8-867E-4569-9749-37327611D9DC}.Debug|Any CPU.Build.0 = Debug|Any CPU
		{1F8A7DF8-867E-4569-9749-37327611D9DC}.Debug|ARM.ActiveCfg = Debug|Any CPU
		{1F8A7DF8-867E-4569-9749-37327611D9DC}.Debug|ARM.Build.0 = Debug|Any CPU
		{1F8A7DF8-867E-4569-9749-37327611D9DC}.Debug|ARM64.ActiveCfg = Debug|Any CPU
		{1F8A7DF8-867E-4569-9749-37327611D9DC}.Debug|ARM64.Build.0 = Debug|Any CPU
		{1F8A7DF8-867E-4569-9749-37327611D9DC}.Debug|iPhone.ActiveCfg = Debug|Any CPU
		{1F8A7DF8-867E-4569-9749-37327611D9DC}.Debug|iPhone.Build.0 = Debug|Any CPU
		{1F8A7DF8-867E-4569-9749-37327611D9DC}.Debug|iPhoneSimulator.ActiveCfg = Debug|Any CPU
		{1F8A7DF8-867E-4569-9749-37327611D9DC}.Debug|iPhoneSimulator.Build.0 = Debug|Any CPU
		{1F8A7DF8-867E-4569-9749-37327611D9DC}.Debug|x64.ActiveCfg = Debug|Any CPU
		{1F8A7DF8-867E-4569-9749-37327611D9DC}.Debug|x64.Build.0 = Debug|Any CPU
		{1F8A7DF8-867E-4569-9749-37327611D9DC}.Debug|x86.ActiveCfg = Debug|Any CPU
		{1F8A7DF8-867E-4569-9749-37327611D9DC}.Debug|x86.Build.0 = Debug|Any CPU
		{1F8A7DF8-867E-4569-9749-37327611D9DC}.Release|Any CPU.ActiveCfg = Release|Any CPU
		{1F8A7DF8-867E-4569-9749-37327611D9DC}.Release|Any CPU.Build.0 = Release|Any CPU
		{1F8A7DF8-867E-4569-9749-37327611D9DC}.Release|ARM.ActiveCfg = Release|Any CPU
		{1F8A7DF8-867E-4569-9749-37327611D9DC}.Release|ARM.Build.0 = Release|Any CPU
		{1F8A7DF8-867E-4569-9749-37327611D9DC}.Release|ARM64.ActiveCfg = Release|Any CPU
		{1F8A7DF8-867E-4569-9749-37327611D9DC}.Release|ARM64.Build.0 = Release|Any CPU
		{1F8A7DF8-867E-4569-9749-37327611D9DC}.Release|iPhone.ActiveCfg = Release|Any CPU
		{1F8A7DF8-867E-4569-9749-37327611D9DC}.Release|iPhone.Build.0 = Release|Any CPU
		{1F8A7DF8-867E-4569-9749-37327611D9DC}.Release|iPhoneSimulator.ActiveCfg = Release|Any CPU
		{1F8A7DF8-867E-4569-9749-37327611D9DC}.Release|iPhoneSimulator.Build.0 = Release|Any CPU
		{1F8A7DF8-867E-4569-9749-37327611D9DC}.Release|x64.ActiveCfg = Release|Any CPU
		{1F8A7DF8-867E-4569-9749-37327611D9DC}.Release|x64.Build.0 = Release|Any CPU
		{1F8A7DF8-867E-4569-9749-37327611D9DC}.Release|x86.ActiveCfg = Release|Any CPU
		{1F8A7DF8-867E-4569-9749-37327611D9DC}.Release|x86.Build.0 = Release|Any CPU
		{F8F863BF-FB5B-493C-9DAE-B58475F7A1A4}.Ad-Hoc|Any CPU.ActiveCfg = Release|Any CPU
		{F8F863BF-FB5B-493C-9DAE-B58475F7A1A4}.Ad-Hoc|Any CPU.Build.0 = Release|Any CPU
		{F8F863BF-FB5B-493C-9DAE-B58475F7A1A4}.Ad-Hoc|ARM.ActiveCfg = Release|Any CPU
		{F8F863BF-FB5B-493C-9DAE-B58475F7A1A4}.Ad-Hoc|ARM.Build.0 = Release|Any CPU
		{F8F863BF-FB5B-493C-9DAE-B58475F7A1A4}.Ad-Hoc|ARM64.ActiveCfg = Release|Any CPU
		{F8F863BF-FB5B-493C-9DAE-B58475F7A1A4}.Ad-Hoc|ARM64.Build.0 = Release|Any CPU
		{F8F863BF-FB5B-493C-9DAE-B58475F7A1A4}.Ad-Hoc|iPhone.ActiveCfg = Release|Any CPU
		{F8F863BF-FB5B-493C-9DAE-B58475F7A1A4}.Ad-Hoc|iPhone.Build.0 = Release|Any CPU
		{F8F863BF-FB5B-493C-9DAE-B58475F7A1A4}.Ad-Hoc|iPhoneSimulator.ActiveCfg = Release|Any CPU
		{F8F863BF-FB5B-493C-9DAE-B58475F7A1A4}.Ad-Hoc|iPhoneSimulator.Build.0 = Release|Any CPU
		{F8F863BF-FB5B-493C-9DAE-B58475F7A1A4}.Ad-Hoc|x64.ActiveCfg = Release|Any CPU
		{F8F863BF-FB5B-493C-9DAE-B58475F7A1A4}.Ad-Hoc|x64.Build.0 = Release|Any CPU
		{F8F863BF-FB5B-493C-9DAE-B58475F7A1A4}.Ad-Hoc|x86.ActiveCfg = Release|Any CPU
		{F8F863BF-FB5B-493C-9DAE-B58475F7A1A4}.Ad-Hoc|x86.Build.0 = Release|Any CPU
		{F8F863BF-FB5B-493C-9DAE-B58475F7A1A4}.AppStore|Any CPU.ActiveCfg = Release|Any CPU
		{F8F863BF-FB5B-493C-9DAE-B58475F7A1A4}.AppStore|Any CPU.Build.0 = Release|Any CPU
		{F8F863BF-FB5B-493C-9DAE-B58475F7A1A4}.AppStore|ARM.ActiveCfg = Release|Any CPU
		{F8F863BF-FB5B-493C-9DAE-B58475F7A1A4}.AppStore|ARM.Build.0 = Release|Any CPU
		{F8F863BF-FB5B-493C-9DAE-B58475F7A1A4}.AppStore|ARM64.ActiveCfg = Release|Any CPU
		{F8F863BF-FB5B-493C-9DAE-B58475F7A1A4}.AppStore|ARM64.Build.0 = Release|Any CPU
		{F8F863BF-FB5B-493C-9DAE-B58475F7A1A4}.AppStore|iPhone.ActiveCfg = Release|Any CPU
		{F8F863BF-FB5B-493C-9DAE-B58475F7A1A4}.AppStore|iPhone.Build.0 = Release|Any CPU
		{F8F863BF-FB5B-493C-9DAE-B58475F7A1A4}.AppStore|iPhoneSimulator.ActiveCfg = Release|Any CPU
		{F8F863BF-FB5B-493C-9DAE-B58475F7A1A4}.AppStore|iPhoneSimulator.Build.0 = Release|Any CPU
		{F8F863BF-FB5B-493C-9DAE-B58475F7A1A4}.AppStore|x64.ActiveCfg = Release|Any CPU
		{F8F863BF-FB5B-493C-9DAE-B58475F7A1A4}.AppStore|x64.Build.0 = Release|Any CPU
		{F8F863BF-FB5B-493C-9DAE-B58475F7A1A4}.AppStore|x86.ActiveCfg = Release|Any CPU
		{F8F863BF-FB5B-493C-9DAE-B58475F7A1A4}.AppStore|x86.Build.0 = Release|Any CPU
		{F8F863BF-FB5B-493C-9DAE-B58475F7A1A4}.Debug|Any CPU.ActiveCfg = Debug|Any CPU
		{F8F863BF-FB5B-493C-9DAE-B58475F7A1A4}.Debug|Any CPU.Build.0 = Debug|Any CPU
		{F8F863BF-FB5B-493C-9DAE-B58475F7A1A4}.Debug|ARM.ActiveCfg = Debug|Any CPU
		{F8F863BF-FB5B-493C-9DAE-B58475F7A1A4}.Debug|ARM.Build.0 = Debug|Any CPU
		{F8F863BF-FB5B-493C-9DAE-B58475F7A1A4}.Debug|ARM64.ActiveCfg = Debug|Any CPU
		{F8F863BF-FB5B-493C-9DAE-B58475F7A1A4}.Debug|ARM64.Build.0 = Debug|Any CPU
		{F8F863BF-FB5B-493C-9DAE-B58475F7A1A4}.Debug|iPhone.ActiveCfg = Debug|Any CPU
		{F8F863BF-FB5B-493C-9DAE-B58475F7A1A4}.Debug|iPhone.Build.0 = Debug|Any CPU
		{F8F863BF-FB5B-493C-9DAE-B58475F7A1A4}.Debug|iPhoneSimulator.ActiveCfg = Debug|Any CPU
		{F8F863BF-FB5B-493C-9DAE-B58475F7A1A4}.Debug|iPhoneSimulator.Build.0 = Debug|Any CPU
		{F8F863BF-FB5B-493C-9DAE-B58475F7A1A4}.Debug|x64.ActiveCfg = Debug|Any CPU
		{F8F863BF-FB5B-493C-9DAE-B58475F7A1A4}.Debug|x64.Build.0 = Debug|Any CPU
		{F8F863BF-FB5B-493C-9DAE-B58475F7A1A4}.Debug|x86.ActiveCfg = Debug|Any CPU
		{F8F863BF-FB5B-493C-9DAE-B58475F7A1A4}.Debug|x86.Build.0 = Debug|Any CPU
		{F8F863BF-FB5B-493C-9DAE-B58475F7A1A4}.Release|Any CPU.ActiveCfg = Release|Any CPU
		{F8F863BF-FB5B-493C-9DAE-B58475F7A1A4}.Release|Any CPU.Build.0 = Release|Any CPU
		{F8F863BF-FB5B-493C-9DAE-B58475F7A1A4}.Release|ARM.ActiveCfg = Release|Any CPU
		{F8F863BF-FB5B-493C-9DAE-B58475F7A1A4}.Release|ARM.Build.0 = Release|Any CPU
		{F8F863BF-FB5B-493C-9DAE-B58475F7A1A4}.Release|ARM64.ActiveCfg = Release|Any CPU
		{F8F863BF-FB5B-493C-9DAE-B58475F7A1A4}.Release|ARM64.Build.0 = Release|Any CPU
		{F8F863BF-FB5B-493C-9DAE-B58475F7A1A4}.Release|iPhone.ActiveCfg = Release|Any CPU
		{F8F863BF-FB5B-493C-9DAE-B58475F7A1A4}.Release|iPhone.Build.0 = Release|Any CPU
		{F8F863BF-FB5B-493C-9DAE-B58475F7A1A4}.Release|iPhoneSimulator.ActiveCfg = Release|Any CPU
		{F8F863BF-FB5B-493C-9DAE-B58475F7A1A4}.Release|iPhoneSimulator.Build.0 = Release|Any CPU
		{F8F863BF-FB5B-493C-9DAE-B58475F7A1A4}.Release|x64.ActiveCfg = Release|Any CPU
		{F8F863BF-FB5B-493C-9DAE-B58475F7A1A4}.Release|x64.Build.0 = Release|Any CPU
		{F8F863BF-FB5B-493C-9DAE-B58475F7A1A4}.Release|x86.ActiveCfg = Release|Any CPU
		{F8F863BF-FB5B-493C-9DAE-B58475F7A1A4}.Release|x86.Build.0 = Release|Any CPU
		{994A102A-07AB-44F5-96F2-5234547BDE63}.Ad-Hoc|Any CPU.ActiveCfg = Debug|Any CPU
		{994A102A-07AB-44F5-96F2-5234547BDE63}.Ad-Hoc|Any CPU.Build.0 = Debug|Any CPU
		{994A102A-07AB-44F5-96F2-5234547BDE63}.Ad-Hoc|ARM.ActiveCfg = Debug|Any CPU
		{994A102A-07AB-44F5-96F2-5234547BDE63}.Ad-Hoc|ARM.Build.0 = Debug|Any CPU
		{994A102A-07AB-44F5-96F2-5234547BDE63}.Ad-Hoc|ARM64.ActiveCfg = Debug|Any CPU
		{994A102A-07AB-44F5-96F2-5234547BDE63}.Ad-Hoc|ARM64.Build.0 = Debug|Any CPU
		{994A102A-07AB-44F5-96F2-5234547BDE63}.Ad-Hoc|iPhone.ActiveCfg = Debug|Any CPU
		{994A102A-07AB-44F5-96F2-5234547BDE63}.Ad-Hoc|iPhone.Build.0 = Debug|Any CPU
		{994A102A-07AB-44F5-96F2-5234547BDE63}.Ad-Hoc|iPhoneSimulator.ActiveCfg = Debug|Any CPU
		{994A102A-07AB-44F5-96F2-5234547BDE63}.Ad-Hoc|iPhoneSimulator.Build.0 = Debug|Any CPU
		{994A102A-07AB-44F5-96F2-5234547BDE63}.Ad-Hoc|x64.ActiveCfg = Debug|Any CPU
		{994A102A-07AB-44F5-96F2-5234547BDE63}.Ad-Hoc|x64.Build.0 = Debug|Any CPU
		{994A102A-07AB-44F5-96F2-5234547BDE63}.Ad-Hoc|x86.ActiveCfg = Debug|Any CPU
		{994A102A-07AB-44F5-96F2-5234547BDE63}.Ad-Hoc|x86.Build.0 = Debug|Any CPU
		{994A102A-07AB-44F5-96F2-5234547BDE63}.AppStore|Any CPU.ActiveCfg = Debug|Any CPU
		{994A102A-07AB-44F5-96F2-5234547BDE63}.AppStore|Any CPU.Build.0 = Debug|Any CPU
		{994A102A-07AB-44F5-96F2-5234547BDE63}.AppStore|ARM.ActiveCfg = Debug|Any CPU
		{994A102A-07AB-44F5-96F2-5234547BDE63}.AppStore|ARM.Build.0 = Debug|Any CPU
		{994A102A-07AB-44F5-96F2-5234547BDE63}.AppStore|ARM64.ActiveCfg = Debug|Any CPU
		{994A102A-07AB-44F5-96F2-5234547BDE63}.AppStore|ARM64.Build.0 = Debug|Any CPU
		{994A102A-07AB-44F5-96F2-5234547BDE63}.AppStore|iPhone.ActiveCfg = Debug|Any CPU
		{994A102A-07AB-44F5-96F2-5234547BDE63}.AppStore|iPhone.Build.0 = Debug|Any CPU
		{994A102A-07AB-44F5-96F2-5234547BDE63}.AppStore|iPhoneSimulator.ActiveCfg = Debug|Any CPU
		{994A102A-07AB-44F5-96F2-5234547BDE63}.AppStore|iPhoneSimulator.Build.0 = Debug|Any CPU
		{994A102A-07AB-44F5-96F2-5234547BDE63}.AppStore|x64.ActiveCfg = Debug|Any CPU
		{994A102A-07AB-44F5-96F2-5234547BDE63}.AppStore|x64.Build.0 = Debug|Any CPU
		{994A102A-07AB-44F5-96F2-5234547BDE63}.AppStore|x86.ActiveCfg = Debug|Any CPU
		{994A102A-07AB-44F5-96F2-5234547BDE63}.AppStore|x86.Build.0 = Debug|Any CPU
		{994A102A-07AB-44F5-96F2-5234547BDE63}.Debug|Any CPU.ActiveCfg = Debug|Any CPU
		{994A102A-07AB-44F5-96F2-5234547BDE63}.Debug|Any CPU.Build.0 = Debug|Any CPU
		{994A102A-07AB-44F5-96F2-5234547BDE63}.Debug|ARM.ActiveCfg = Debug|Any CPU
		{994A102A-07AB-44F5-96F2-5234547BDE63}.Debug|ARM.Build.0 = Debug|Any CPU
		{994A102A-07AB-44F5-96F2-5234547BDE63}.Debug|ARM64.ActiveCfg = Debug|Any CPU
		{994A102A-07AB-44F5-96F2-5234547BDE63}.Debug|ARM64.Build.0 = Debug|Any CPU
		{994A102A-07AB-44F5-96F2-5234547BDE63}.Debug|iPhone.ActiveCfg = Debug|Any CPU
		{994A102A-07AB-44F5-96F2-5234547BDE63}.Debug|iPhone.Build.0 = Debug|Any CPU
		{994A102A-07AB-44F5-96F2-5234547BDE63}.Debug|iPhoneSimulator.ActiveCfg = Debug|Any CPU
		{994A102A-07AB-44F5-96F2-5234547BDE63}.Debug|iPhoneSimulator.Build.0 = Debug|Any CPU
		{994A102A-07AB-44F5-96F2-5234547BDE63}.Debug|x64.ActiveCfg = Debug|Any CPU
		{994A102A-07AB-44F5-96F2-5234547BDE63}.Debug|x64.Build.0 = Debug|Any CPU
		{994A102A-07AB-44F5-96F2-5234547BDE63}.Debug|x86.ActiveCfg = Debug|Any CPU
		{994A102A-07AB-44F5-96F2-5234547BDE63}.Debug|x86.Build.0 = Debug|Any CPU
		{994A102A-07AB-44F5-96F2-5234547BDE63}.Release|Any CPU.ActiveCfg = Release|Any CPU
		{994A102A-07AB-44F5-96F2-5234547BDE63}.Release|Any CPU.Build.0 = Release|Any CPU
		{994A102A-07AB-44F5-96F2-5234547BDE63}.Release|ARM.ActiveCfg = Release|Any CPU
		{994A102A-07AB-44F5-96F2-5234547BDE63}.Release|ARM.Build.0 = Release|Any CPU
		{994A102A-07AB-44F5-96F2-5234547BDE63}.Release|ARM64.ActiveCfg = Release|Any CPU
		{994A102A-07AB-44F5-96F2-5234547BDE63}.Release|ARM64.Build.0 = Release|Any CPU
		{994A102A-07AB-44F5-96F2-5234547BDE63}.Release|iPhone.ActiveCfg = Release|Any CPU
		{994A102A-07AB-44F5-96F2-5234547BDE63}.Release|iPhone.Build.0 = Release|Any CPU
		{994A102A-07AB-44F5-96F2-5234547BDE63}.Release|iPhoneSimulator.ActiveCfg = Release|Any CPU
		{994A102A-07AB-44F5-96F2-5234547BDE63}.Release|iPhoneSimulator.Build.0 = Release|Any CPU
		{994A102A-07AB-44F5-96F2-5234547BDE63}.Release|x64.ActiveCfg = Release|Any CPU
		{994A102A-07AB-44F5-96F2-5234547BDE63}.Release|x64.Build.0 = Release|Any CPU
		{994A102A-07AB-44F5-96F2-5234547BDE63}.Release|x86.ActiveCfg = Release|Any CPU
		{994A102A-07AB-44F5-96F2-5234547BDE63}.Release|x86.Build.0 = Release|Any CPU
	EndGlobalSection
	GlobalSection(SolutionProperties) = preSolution
		HideSolutionNode = FALSE
	EndGlobalSection
	GlobalSection(NestedProjects) = preSolution
		{52D3D040-84EA-4EA9-A995-2540DBC2B839} = {CAB24E56-FC78-40B5-8752-927CA86FBD33}
		{207C7A52-92F7-45FF-980E-A573281748DA} = {CAB24E56-FC78-40B5-8752-927CA86FBD33}
		{9FF2E01F-75AB-4022-92C2-2ABD17474DE6} = {CAB24E56-FC78-40B5-8752-927CA86FBD33}
		{4202255B-150A-466B-BF37-AF1421CD1FD6} = {CAB24E56-FC78-40B5-8752-927CA86FBD33}
		{CF6CA5FF-78BE-47EC-9E06-2B78BAE134E2} = {CAB24E56-FC78-40B5-8752-927CA86FBD33}
		{5F847F46-4BFA-4D33-A93C-E689486F3AD2} = {CAB24E56-FC78-40B5-8752-927CA86FBD33}
		{78FDB2B8-6230-44B4-A651-86D1851E4401} = {CAB24E56-FC78-40B5-8752-927CA86FBD33}
		{1F8A7DF8-867E-4569-9749-37327611D9DC} = {CAB24E56-FC78-40B5-8752-927CA86FBD33}
		{F8F863BF-FB5B-493C-9DAE-B58475F7A1A4} = {CAB24E56-FC78-40B5-8752-927CA86FBD33}
	EndGlobalSection
	GlobalSection(ExtensibilityGlobals) = postSolution
		SolutionGuid = {270131E3-D87C-460C-9855-B168D3EF8994}
	EndGlobalSection
EndGlobal
